[root]
name = "timekeeper"
version = "0.1.0"
dependencies = [
 "my_allocator 0.1.0",
]

[[package]]
name = "linked_list_allocator"
version = "0.2.5"
source = "registry+https://github.com/rust-lang/crates.io-index"

[[package]]
name = "my_allocator"
version = "0.1.0"
dependencies = [
 "linked_list_allocator 0.2.5 (registry+https://github.com/rust-lang/crates.io-index)",
]

[metadata]
"checksum linked_list_allocator 0.2.5 (registry+https://github.com/rust-lang/crates.io-index)" = "ad1399b725177d144e05de0fbcc522de2c21ac07001d3efe916ca408980a04ee"
